# THIS IS AN AUTOGENERATED FILE. DO NOT EDIT THIS FILE DIRECTLY.
# yarn lockfile v1


"@types/jasmine@^4.3.1":
  version "4.3.1"
  resolved "https://registry.yarnpkg.com/@types/jasmine/-/jasmine-4.3.1.tgz#2d8ab5601c2fe7d9673dcb157e03f128ab5c5fff"
  integrity sha512-Vu8l+UGcshYmV1VWwULgnV/2RDbBaO6i2Ptx7nd//oJPIZGhoI1YLST4VKagD2Pq/Bc2/7zvtvhM7F3p4SN7kQ==

"@types/node@^18.14.6":
  version "18.14.6"
  resolved "https://registry.yarnpkg.com/@types/node/-/node-18.14.6.tgz#ae1973dd2b1eeb1825695bb11ebfb746d27e3e93"
  integrity sha512-93+VvleD3mXwlLI/xASjw0FzKcwzl3OdTCzm1LaRfqgS21gfFtK3zDXM5Op9TeeMsJVOaJ2VRDpT9q4Y3d0AvA==
