{
  "name": "angular2-universal",
  "version": "2.0.11",
  "lockfileVersion": 1,
  "requires": true,
  "dependencies": {
    "@angular/animations": {
      "version": "4.3.1",
      "resolved": "https://registry.npmjs.org/@angular/animations/-/animations-4.3.1.tgz",
      "integrity": "sha1-H34LuAPvwhxggkbmdlocZH89Gl8=",
      "dev": true,
      "requires": {
        "tslib": "1.7.1"
      }
    },
    "@angular/common": {
      "version": "4.3.1",
      "resolved": "https://registry.npmjs.org/@angular/common/-/common-4.3.1.tgz",
      "integrity": "sha1-Jg9IenzcoybENr0+qVFceX3i/3I=",
      "dev": true,
      "requires": {
        "tslib": "1.7.1"
      }
    },
    "@angular/compiler": {
      "version": "4.3.1",
      "resolved": "https://registry.npmjs.org/@angular/compiler/-/compiler-4.3.1.tgz",
      "integrity": "sha1-OiTUns8BrCtuB/Y+N4uP+OJX/gk=",
      "dev": true,
      "requires": {
        "tslib": "1.7.1"
      }
    },
    "@angular/compiler-cli": {
      "version": "4.3.1",
      "resolved": "https://registry.npmjs.org/@angular/compiler-cli/-/compiler-cli-4.3.1.tgz",
      "integrity": "sha1-ALQa+2+utK71YbhCeASsiICv9jw=",
      "dev": true,
      "requires": {
        "@angular/tsc-wrapped": "4.3.1",
        "minimist": "1.2.0",
        "reflect-metadata": "0.1.10"
      }
    },
    "@angular/core": {
      "version": "4.3.1",
      "resolved": "https://registry.npmjs.org/@angular/core/-/core-4.3.1.tgz",
      "integrity": "sha1-qdCn1kS5YmBnQmm2iaBP7qYyqNM=",
      "dev": true,
      "requires": {
        "tslib": "1.7.1"
      }
    },
    "@angular/http": {
      "version": "4.3.1",
      "resolved": "https://registry.npmjs.org/@angular/http/-/http-4.3.1.tgz",
      "integrity": "sha1-5PZh90ZxHojsvqdqPJBbq/l9MVo=",
      "dev": true,
      "requires": {
        "tslib": "1.7.1"
      }
    },
    "@angular/platform-browser": {
      "version": "4.3.1",
      "resolved": "https://registry.npmjs.org/@angular/platform-browser/-/platform-browser-4.3.1.tgz",
      "integrity": "sha1-23J7Bu7WS9pd7+xxgV2yak2i9pA=",
      "dev": true,
      "requires": {
        "tslib": "1.7.1"
      }
    },
    "@angular/platform-server": {
      "version": "4.3.1",
      "resolved": "https://registry.npmjs.org/@angular/platform-server/-/platform-server-4.3.1.tgz",
      "integrity": "sha1-O5FfxAE8apR6jBR7TbAnmwJZNus=",
      "dev": true,
      "requires": {
        "parse5": "3.0.2",
        "tslib": "1.7.1",
        "xhr2": "0.1.4"
      }
    },
    "@angular/tsc-wrapped": {
      "version": "4.3.1",
      "resolved": "https://registry.npmjs.org/@angular/tsc-wrapped/-/tsc-wrapped-4.3.1.tgz",
      "integrity": "sha1-9mFqTSo7vsHN7WZP0fUm7c6Z70E=",
      "dev": true,
      "requires": {
        "tsickle": "0.21.6"
      }
    },
    "@types/express": {
      "version": "4.0.36",
      "resolved": "https://registry.npmjs.org/@types/express/-/express-4.0.36.tgz",
      "integrity": "sha512-bT9q2eqH/E72AGBQKT50dh6AXzheTqigGZ1GwDiwmx7vfHff0bZOrvUWjvGpNWPNkRmX1vDF6wonG6rlpBHb1A==",
      "dev": true,
      "requires": {
        "@types/express-serve-static-core": "4.0.49",
        "@types/serve-static": "1.7.31"
      }
    },
    "@types/express-serve-static-core": {
      "version": "4.0.49",
      "resolved": "https://registry.npmjs.org/@types/express-serve-static-core/-/express-serve-static-core-4.0.49.tgz",
      "integrity": "sha512-b7mVHoURu1xaP/V6xw1sYwyv9V0EZ7euyi+sdnbnTZxEkAh4/hzPsI6Eflq+ZzHQ/Tgl7l16Jz+0oz8F46MLnA==",
      "dev": true,
      "requires": {
        "@types/node": "6.0.84"
      }
    },
    "@types/mime": {
      "version": "1.3.1",
      "resolved": "https://registry.npmjs.org/@types/mime/-/mime-1.3.1.tgz",
      "integrity": "sha512-rek8twk9C58gHYqIrUlJsx8NQMhlxqHzln9Z9ODqiNgv3/s+ZwIrfr+djqzsnVM12xe9hL98iJ20lj2RvCBv6A==",
      "dev": true
    },
    "@types/node": {
      "version": "6.0.84",
      "resolved": "https://registry.npmjs.org/@types/node/-/node-6.0.84.tgz",
      "integrity": "sha512-1SvEazClhUBRNroJM3oB3xf3u2r6xGmHDGbdigqNPHvNKLl8/BtATgO9eC04ZLuovpSh0B20BF1QJxdi+qmTlg==",
      "dev": true
    },
    "@types/serve-static": {
      "version": "1.7.31",
      "resolved": "https://registry.npmjs.org/@types/serve-static/-/serve-static-1.7.31.tgz",
      "integrity": "sha1-FUVt6NmNa0z/Mb5savdJKuY/Uho=",
      "dev": true,
      "requires": {
        "@types/express-serve-static-core": "4.0.49",
        "@types/mime": "1.3.1"
      }
    },
    "accepts": {
      "version": "1.3.3",
      "resolved": "https://registry.npmjs.org/accepts/-/accepts-1.3.3.tgz",
      "integrity": "sha1-w8p0NJOGSMPg2cHjKN1otiLChMo=",
      "dev": true,
      "requires": {
        "mime-types": "2.1.15",
        "negotiator": "0.6.1"
      }
    },
    "array-flatten": {
      "version": "1.1.1",
      "resolved": "https://registry.npmjs.org/array-flatten/-/array-flatten-1.1.1.tgz",
      "integrity": "sha1-ml9pkFGx5wczKPKgCJaLZOopVdI=",
      "dev": true
    },
    "balanced-match": {
      "version": "1.0.0",
      "resolved": "https://registry.npmjs.org/balanced-match/-/balanced-match-1.0.0.tgz",
      "integrity": "sha1-ibTRmasr7kneFk6gK4nORi1xt2c=",
      "dev": true
    },
    "brace-expansion": {
      "version": "1.1.8",
      "resolved": "https://registry.npmjs.org/brace-expansion/-/brace-expansion-1.1.8.tgz",
      "integrity": "sha1-wHshHHyVLsH479Uad+8NHTmQopI=",
      "dev": true,
      "requires": {
        "balanced-match": "1.0.0",
        "concat-map": "0.0.1"
      }
    },
    "concat-map": {
      "version": "0.0.1",
      "resolved": "https://registry.npmjs.org/concat-map/-/concat-map-0.0.1.tgz",
      "integrity": "sha1-2Klr13/Wjfd5OnMDajug1UBdR3s=",
      "dev": true
    },
    "content-disposition": {
      "version": "0.5.2",
      "resolved": "https://registry.npmjs.org/content-disposition/-/content-disposition-0.5.2.tgz",
      "integrity": "sha1-DPaLud318r55YcOoUXjLhdunjLQ=",
      "dev": true
    },
    "content-type": {
      "version": "1.0.2",
      "resolved": "https://registry.npmjs.org/content-type/-/content-type-1.0.2.tgz",
      "integrity": "sha1-t9ETrueo3Se9IRM8TcJSnfFyHu0=",
      "dev": true
    },
    "cookie": {
      "version": "0.3.1",
      "resolved": "https://registry.npmjs.org/cookie/-/cookie-0.3.1.tgz",
      "integrity": "sha1-5+Ch+e9DtMi6klxcWpboBtFoc7s=",
      "dev": true
    },
    "cookie-signature": {
      "version": "1.0.6",
      "resolved": "https://registry.npmjs.org/cookie-signature/-/cookie-signature-1.0.6.tgz",
      "integrity": "sha1-4wOogrNCzD7oylE6eZmXNNqzriw=",
      "dev": true
    },
    "debug": {
      "version": "2.6.7",
      "resolved": "https://registry.npmjs.org/debug/-/debug-2.6.7.tgz",
      "integrity": "sha1-krrR9tBbu2u6Isyoi80OyJTChh4=",
      "dev": true,
      "requires": {
        "ms": "2.0.0"
      }
    },
    "depd": {
      "version": "1.1.0",
      "resolved": "https://registry.npmjs.org/depd/-/depd-1.1.0.tgz",
      "integrity": "sha1-4b2Cxqq2ztlluXuIsX7T5SjKGMM=",
      "dev": true
    },
    "destroy": {
      "version": "1.0.4",
      "resolved": "https://registry.npmjs.org/destroy/-/destroy-1.0.4.tgz",
      "integrity": "sha1-l4hXRCxEdJ5CBmE+N5RiBYJqvYA=",
      "dev": true
    },
    "ee-first": {
      "version": "1.1.1",
      "resolved": "https://registry.npmjs.org/ee-first/-/ee-first-1.1.1.tgz",
      "integrity": "sha1-WQxhFWsK4vTwJVcyoViyZrxWsh0=",
      "dev": true
    },
    "encodeurl": {
      "version": "1.0.1",
      "resolved": "https://registry.npmjs.org/encodeurl/-/encodeurl-1.0.1.tgz",
      "integrity": "sha1-eePVhlU0aQn+bw9Fpd5oEDspTSA=",
      "dev": true
    },
    "escape-html": {
      "version": "1.0.3",
      "resolved": "https://registry.npmjs.org/escape-html/-/escape-html-1.0.3.tgz",
      "integrity": "sha1-Aljq5NPQwJdN4cFpGI7wBR0dGYg=",
      "dev": true
    },
    "etag": {
      "version": "1.8.0",
      "resolved": "https://registry.npmjs.org/etag/-/etag-1.8.0.tgz",
      "integrity": "sha1-b2Ma7zNtbEY2K1F2QETOIWvjwFE=",
      "dev": true
    },
    "express": {
      "version": "4.15.3",
      "resolved": "https://registry.npmjs.org/express/-/express-4.15.3.tgz",
      "integrity": "sha1-urZdDwOqgMNYQIly/HAPkWlEtmI=",
      "dev": true,
      "requires": {
        "accepts": "1.3.3",
        "array-flatten": "1.1.1",
        "content-disposition": "0.5.2",
        "content-type": "1.0.2",
        "cookie": "0.3.1",
        "cookie-signature": "1.0.6",
        "debug": "2.6.7",
        "depd": "1.1.0",
        "encodeurl": "1.0.1",
        "escape-html": "1.0.3",
        "etag": "1.8.0",
        "finalhandler": "1.0.3",
        "fresh": "0.5.0",
        "merge-descriptors": "1.0.1",
        "methods": "1.1.2",
        "on-finished": "2.3.0",
        "parseurl": "1.3.1",
        "path-to-regexp": "0.1.7",
        "proxy-addr": "1.1.4",
        "qs": "6.4.0",
        "range-parser": "1.2.0",
        "send": "0.15.3",
        "serve-static": "1.12.3",
        "setprototypeof": "1.0.3",
        "statuses": "1.3.1",
        "type-is": "1.6.15",
        "utils-merge": "1.0.0",
        "vary": "1.1.1"
      }
    },
    "finalhandler": {
      "version": "1.0.3",
      "resolved": "https://registry.npmjs.org/finalhandler/-/finalhandler-1.0.3.tgz",
      "integrity": "sha1-70fneVDpmXgOhgIqVg4yF+DQzIk=",
      "dev": true,
      "requires": {
        "debug": "2.6.7",
        "encodeurl": "1.0.1",
        "escape-html": "1.0.3",
        "on-finished": "2.3.0",
        "parseurl": "1.3.1",
        "statuses": "1.3.1",
        "unpipe": "1.0.0"
      }
    },
    "forwarded": {
      "version": "0.1.0",
      "resolved": "https://registry.npmjs.org/forwarded/-/forwarded-0.1.0.tgz",
      "integrity": "sha1-Ge+YdMSuHCl7zweP3mOgm2aoQ2M=",
      "dev": true
    },
    "fresh": {
      "version": "0.5.0",
      "resolved": "https://registry.npmjs.org/fresh/-/fresh-0.5.0.tgz",
      "integrity": "sha1-9HTKXmqSRtb9jglTz6m5yAWvp44=",
      "dev": true
    },
    "fs.realpath": {
      "version": "1.0.0",
      "resolved": "https://registry.npmjs.org/fs.realpath/-/fs.realpath-1.0.0.tgz",
      "integrity": "sha1-FQStJSMVjKpA20onh8sBQRmU6k8=",
      "dev": true
    },
    "glob": {
      "version": "7.1.2",
      "resolved": "https://registry.npmjs.org/glob/-/glob-7.1.2.tgz",
      "integrity": "sha512-MJTUg1kjuLeQCJ+ccE4Vpa6kKVXkPYJ2mOCQyUuKLcLQsdrMCpBPUi8qVE6+YuaJkozeA9NusTAw3hLr8Xe5EQ==",
      "dev": true,
      "requires": {
        "fs.realpath": "1.0.0",
        "inflight": "1.0.6",
        "inherits": "2.0.3",
        "minimatch": "3.0.4",
        "once": "1.4.0",
        "path-is-absolute": "1.0.1"
      }
    },
    "http-errors": {
      "version": "1.6.1",
      "resolved": "https://registry.npmjs.org/http-errors/-/http-errors-1.6.1.tgz",
      "integrity": "sha1-X4uO2YrKVFZWv1cplzh/kEpyIlc=",
      "dev": true,
      "requires": {
        "depd": "1.1.0",
        "inherits": "2.0.3",
        "setprototypeof": "1.0.3",
        "statuses": "1.3.1"
      }
    },
    "inflight": {
      "version": "1.0.6",
      "resolved": "https://registry.npmjs.org/inflight/-/inflight-1.0.6.tgz",
      "integrity": "sha1-Sb1jMdfQLQwJvJEKEHW6gWW1bfk=",
      "dev": true,
      "requires": {
        "once": "1.4.0",
        "wrappy": "1.0.2"
      }
    },
    "inherits": {
      "version": "2.0.3",
      "resolved": "https://registry.npmjs.org/inherits/-/inherits-2.0.3.tgz",
      "integrity": "sha1-Yzwsg+PaQqUC9SRmAiSA9CCCYd4=",
      "dev": true
    },
    "ipaddr.js": {
      "version": "1.3.0",
      "resolved": "https://registry.npmjs.org/ipaddr.js/-/ipaddr.js-1.3.0.tgz",
      "integrity": "sha1-HgOlL9rYOou7KyXL9JmLTP/NPew=",
      "dev": true
    },
    "media-typer": {
      "version": "0.3.0",
      "resolved": "https://registry.npmjs.org/media-typer/-/media-typer-0.3.0.tgz",
      "integrity": "sha1-hxDXrwqmJvj/+hzgAWhUUmMlV0g=",
      "dev": true
    },
    "merge-descriptors": {
      "version": "1.0.1",
      "resolved": "https://registry.npmjs.org/merge-descriptors/-/merge-descriptors-1.0.1.tgz",
      "integrity": "sha1-sAqqVW3YtEVoFQ7J0blT8/kMu2E=",
      "dev": true
    },
    "methods": {
      "version": "1.1.2",
      "resolved": "https://registry.npmjs.org/methods/-/methods-1.1.2.tgz",
      "integrity": "sha1-VSmk1nZUE07cxSZmVoNbD4Ua/O4=",
      "dev": true
    },
    "mime": {
      "version": "1.3.4",
      "resolved": "https://registry.npmjs.org/mime/-/mime-1.3.4.tgz",
      "integrity": "sha1-EV+eO2s9rylZmDyzjxSaLUDrXVM=",
      "dev": true
    },
    "mime-db": {
      "version": "1.27.0",
      "resolved": "https://registry.npmjs.org/mime-db/-/mime-db-1.27.0.tgz",
      "integrity": "sha1-gg9XIpa70g7CXtVeW13oaeVDbrE=",
      "dev": true
    },
    "mime-types": {
      "version": "2.1.15",
      "resolved": "https://registry.npmjs.org/mime-types/-/mime-types-2.1.15.tgz",
      "integrity": "sha1-pOv1BkCUVpI3uM9wBGd20J/JKu0=",
      "dev": true,
      "requires": {
        "mime-db": "1.27.0"
      }
    },
    "minimatch": {
      "version": "3.0.4",
      "resolved": "https://registry.npmjs.org/minimatch/-/minimatch-3.0.4.tgz",
      "integrity": "sha512-yJHVQEhyqPLUTgt9B83PXu6W3rx4MvvHvSUvToogpwoGDOUQ+yDrR0HRot+yOCdCO7u4hX3pWft6kWBBcqh0UA==",
      "dev": true,
      "requires": {
        "brace-expansion": "1.1.8"
      }
    },
    "minimist": {
      "version": "1.2.0",
      "resolved": "https://registry.npmjs.org/minimist/-/minimist-1.2.0.tgz",
      "integrity": "sha1-o1AIsg9BOD7sH7kU9M1d95omQoQ=",
      "dev": true
    },
    "mkdirp": {
      "version": "0.5.1",
      "resolved": "https://registry.npmjs.org/mkdirp/-/mkdirp-0.5.1.tgz",
      "integrity": "sha1-MAV0OOrGz3+MR2fzhkjWaX11yQM=",
      "dev": true,
      "requires": {
        "minimist": "0.0.8"
      },
      "dependencies": {
        "minimist": {
          "version": "0.0.8",
          "resolved": "https://registry.npmjs.org/minimist/-/minimist-0.0.8.tgz",
          "integrity": "sha1-hX/Kv8M5fSYluCKCYuhqp6ARsF0=",
          "dev": true
        }
      }
    },
    "ms": {
      "version": "2.0.0",
      "resolved": "https://registry.npmjs.org/ms/-/ms-2.0.0.tgz",
      "integrity": "sha1-VgiurfwAvmwpAd9fmGF4jeDVl8g=",
      "dev": true
    },
    "negotiator": {
      "version": "0.6.1",
      "resolved": "https://registry.npmjs.org/negotiator/-/negotiator-0.6.1.tgz",
      "integrity": "sha1-KzJxhOiZIQEXeyhWP7XnECrNDKk=",
      "dev": true
    },
    "on-finished": {
      "version": "2.3.0",
      "resolved": "https://registry.npmjs.org/on-finished/-/on-finished-2.3.0.tgz",
      "integrity": "sha1-IPEzZIGwg811M3mSoWlxqi2QaUc=",
      "dev": true,
      "requires": {
        "ee-first": "1.1.1"
      }
    },
    "once": {
      "version": "1.4.0",
      "resolved": "https://registry.npmjs.org/once/-/once-1.4.0.tgz",
      "integrity": "sha1-WDsap3WWHUsROsF9nFC6753Xa9E=",
      "dev": true,
      "requires": {
        "wrappy": "1.0.2"
      }
    },
    "parse5": {
      "version": "3.0.2",
      "resolved": "https://registry.npmjs.org/parse5/-/parse5-3.0.2.tgz",
      "integrity": "sha1-Be/1fw70V3+xRKefi5qWemzERRA=",
      "dev": true,
      "requires": {
        "@types/node": "6.0.84"
      }
    },
    "parseurl": {
      "version": "1.3.1",
      "resolved": "https://registry.npmjs.org/parseurl/-/parseurl-1.3.1.tgz",
      "integrity": "sha1-yKuMkiO6NIiKpkopeyiFO+wY2lY=",
      "dev": true
    },
    "path-is-absolute": {
      "version": "1.0.1",
      "resolved": "https://registry.npmjs.org/path-is-absolute/-/path-is-absolute-1.0.1.tgz",
      "integrity": "sha1-F0uSaHNVNP+8es5r9TpanhtcX18=",
      "dev": true
    },
    "path-to-regexp": {
      "version": "0.1.7",
      "resolved": "https://registry.npmjs.org/path-to-regexp/-/path-to-regexp-0.1.7.tgz",
      "integrity": "sha1-32BBeABfUi8V60SQ5yR6G/qmf4w=",
      "dev": true
    },
    "proxy-addr": {
      "version": "1.1.4",
      "resolved": "https://registry.npmjs.org/proxy-addr/-/proxy-addr-1.1.4.tgz",
      "integrity": "sha1-J+VF9pYKRKYn2bREZ+NcG2tM4vM=",
      "dev": true,
      "requires": {
        "forwarded": "0.1.0",
        "ipaddr.js": "1.3.0"
      }
    },
    "qs": {
      "version": "6.4.0",
      "resolved": "https://registry.npmjs.org/qs/-/qs-6.4.0.tgz",
      "integrity": "sha1-E+JtKK1rD/qpExLNO/cI7TUecjM=",
      "dev": true
    },
    "range-parser": {
      "version": "1.2.0",
      "resolved": "https://registry.npmjs.org/range-parser/-/range-parser-1.2.0.tgz",
      "integrity": "sha1-9JvmtIeJTdxA3MlKMi9hEJLgDV4=",
      "dev": true
    },
    "reflect-metadata": {
      "version": "0.1.10",
      "resolved": "https://registry.npmjs.org/reflect-metadata/-/reflect-metadata-0.1.10.tgz",
      "integrity": "sha1-tPg3BEFqytiZiMmxVjXUfgO5NEo=",
      "dev": true
    },
    "rimraf": {
      "version": "2.6.1",
      "resolved": "https://registry.npmjs.org/rimraf/-/rimraf-2.6.1.tgz",
      "integrity": "sha1-wjOOxkPfeht/5cVPqG9XQopV8z0=",
      "dev": true,
      "requires": {
        "glob": "7.1.2"
      }
    },
    "rxjs": {
      "version": "5.4.2",
      "resolved": "https://registry.npmjs.org/rxjs/-/rxjs-5.4.2.tgz",
      "integrity": "sha1-KjI2/L8D31e64G/Wly/ZnlwI/Pc=",
      "dev": true,
      "requires": {
        "symbol-observable": "1.0.4"
      }
    },
    "send": {
      "version": "0.15.3",
      "resolved": "https://registry.npmjs.org/send/-/send-0.15.3.tgz",
      "integrity": "sha1-UBP5+ZAj31DRvZiSwZ4979HVMwk=",
      "dev": true,
      "requires": {
        "debug": "2.6.7",
        "depd": "1.1.0",
        "destroy": "1.0.4",
        "encodeurl": "1.0.1",
        "escape-html": "1.0.3",
        "etag": "1.8.0",
        "fresh": "0.5.0",
        "http-errors": "1.6.1",
        "mime": "1.3.4",
        "ms": "2.0.0",
        "on-finished": "2.3.0",
        "range-parser": "1.2.0",
        "statuses": "1.3.1"
      }
    },
    "serve-static": {
      "version": "1.12.3",
      "resolved": "https://registry.npmjs.org/serve-static/-/serve-static-1.12.3.tgz",
      "integrity": "sha1-n0uhni8wMMVH+K+ZEHg47DjVseI=",
      "dev": true,
      "requires": {
        "encodeurl": "1.0.1",
        "escape-html": "1.0.3",
        "parseurl": "1.3.1",
        "send": "0.15.3"
      }
    },
    "setprototypeof": {
      "version": "1.0.3",
      "resolved": "https://registry.npmjs.org/setprototypeof/-/setprototypeof-1.0.3.tgz",
      "integrity": "sha1-ZlZ+NwQ+608E2RvWWMDL77VbjgQ=",
      "dev": true
    },
    "source-map": {
      "version": "0.5.6",
      "resolved": "https://registry.npmjs.org/source-map/-/source-map-0.5.6.tgz",
      "integrity": "sha1-dc449SvwczxafwwRjYEzSiu19BI=",
      "dev": true
    },
    "source-map-support": {
      "version": "0.4.15",
      "resolved": "https://registry.npmjs.org/source-map-support/-/source-map-support-0.4.15.tgz",
      "integrity": "sha1-AyAt9lwG0r2MfsI2KhkwVv7407E=",
      "dev": true,
      "requires": {
        "source-map": "0.5.6"
      }
    },
    "statuses": {
      "version": "1.3.1",
      "resolved": "https://registry.npmjs.org/statuses/-/statuses-1.3.1.tgz",
      "integrity": "sha1-+vUbnrdKrvOzrPStX2Gr8ky3uT4=",
      "dev": true
    },
    "symbol-observable": {
      "version": "1.0.4",
      "resolved": "https://registry.npmjs.org/symbol-observable/-/symbol-observable-1.0.4.tgz",
      "integrity": "sha1-Kb9hXUqnEhvdiYsi1LP5vE4qoD0=",
      "dev": true
    },
    "tsickle": {
      "version": "0.21.6",
      "resolved": "https://registry.npmjs.org/tsickle/-/tsickle-0.21.6.tgz",
      "integrity": "sha1-U7Abl5xcE/2xOvs/uVgXflmRWI0=",
      "dev": true,
      "requires": {
        "minimist": "1.2.0",
        "mkdirp": "0.5.1",
        "source-map": "0.5.6",
        "source-map-support": "0.4.15"
      }
    },
    "tslib": {
      "version": "1.7.1",
      "resolved": "https://registry.npmjs.org/tslib/-/tslib-1.7.1.tgz",
      "integrity": "sha1-vIAEFkaRkjp5/oN4u+s9ogF1OOw=",
      "dev": true
    },
    "type-is": {
      "version": "1.6.15",
      "resolved": "https://registry.npmjs.org/type-is/-/type-is-1.6.15.tgz",
      "integrity": "sha1-yrEPtJCeRByChC6v4a1kbIGARBA=",
      "dev": true,
      "requires": {
        "media-typer": "0.3.0",
        "mime-types": "2.1.15"
      }
    },
    "typescript": {
      "version": "2.4.2",
      "resolved": "https://registry.npmjs.org/typescript/-/typescript-2.4.2.tgz",
      "integrity": "sha1-+DlfhdRZJ2BnyYiqQYN6j4KHCEQ=",
      "dev": true
    },
    "unpipe": {
      "version": "1.0.0",
      "resolved": "https://registry.npmjs.org/unpipe/-/unpipe-1.0.0.tgz",
      "integrity": "sha1-sr9O6FFKrmFltIF4KdIbLvSZBOw=",
      "dev": true
    },
    "utils-merge": {
      "version": "1.0.0",
      "resolved": "https://registry.npmjs.org/utils-merge/-/utils-merge-1.0.0.tgz",
      "integrity": "sha1-ApT7kiu5N1FTVBxPcJYjHyh8ivg=",
      "dev": true
    },
    "vary": {
      "version": "1.1.1",
      "resolved": "https://registry.npmjs.org/vary/-/vary-1.1.1.tgz",
      "integrity": "sha1-Z1Neu2lMHVIldFeYRmUyP1h+jTc=",
      "dev": true
    },
    "wrappy": {
      "version": "1.0.2",
      "resolved": "https://registry.npmjs.org/wrappy/-/wrappy-1.0.2.tgz",
      "integrity": "sha1-tSQ9jz7BqjXxNkYFvA0QNuMKtp8=",
      "dev": true
    },
    "xhr2": {
      "version": "0.1.4",
      "resolved": "https://registry.npmjs.org/xhr2/-/xhr2-0.1.4.tgz",
      "integrity": "sha1-f4dliEdxbbUCYyOBL4GMras4el8=",
      "dev": true
    },
    "zone.js": {
      "version": "0.8.14",
      "resolved": "https://registry.npmjs.org/zone.js/-/zone.js-0.8.14.tgz",
      "integrity": "sha1-DE2ySxeCMidMy0P3jJnbfzZCts8=",
      "dev": true
    }
  }
}
